{
  "name": "rail50hz-cad-viewer-cli",
  "lockfileVersion": 3,
  "requires": true,
  "packages": {
    "": {
      "name": "rail50hz-cad-viewer-cli",
      "dependencies": {
        "@mlightcad/cad-html-exporter-cli": "1.5.8"
      }
    },
    "node_modules/@fxts/core": {
      "version": "1.26.0",
      "resolved": "https://registry.npmjs.org/@fxts/core/-/core-1.26.0.tgz",
      "integrity": "sha512-ONaza1CGr8dLKmJ0HQgi0h4XuyDJMr0P70M7o/My/YeeRxuYoSANHjE2nSY7xO4WHgxUD5ojd5dpxlFOzAEJsA==",
      "license": "Apache-2.0",
      "dependencies": {
        "tslib": "^2.6.0"
      }
    },
    "node_modules/@lukeed/csprng": {
      "version": "1.1.0",
      "resolved": "https://registry.npmjs.org/@lukeed/csprng/-/csprng-1.1.0.tgz",
      "integrity": "sha512-Z7C/xXCiGWsg0KuKsHTKJxbWhpI3Vs5GwLfOean7MGyVFGqdRgBbAjOCh6u4bbjPc/8MJ2pZmK/0DLdCbivLDA==",
      "license": "MIT",
      "engines": {
        "node": ">=8"
      }
    },
    "node_modules/@mlightcad/cad-html-exporter-cli": {
      "version": "1.5.8",
      "resolved": "https://registry.npmjs.org/@mlightcad/cad-html-exporter-cli/-/cad-html-exporter-cli-1.5.8.tgz",
      "integrity": "sha512-1FZtQCqSpSI1whReUc/RS8wMDNNX0tV+x6gDFPKcshthzhx1XdsEqnBWRUx/kYxxXsvIMX1FxPGqa4wYAfSFfg==",
      "dependencies": {
        "@mlightcad/cad-html-plugin": "1.5.8",
        "@mlightcad/cad-simple-viewer": "1.5.8",
        "@mlightcad/data-model": "^1.11.1",
        "@mlightcad/dxf-json-converter": "^1.11.1",
        "@mlightcad/libredwg-converter": "^3.11.1",
        "@mlightcad/mtext-renderer": "^0.11.10",
        "commander": "^12.1.0",
        "playwright": "^1.49.1"
      },
      "bin": {
        "cad-html-exporter": "dist/cli.js"
      },
      "engines": {
        "node": ">=20"
      }
    },
    "node_modules/@mlightcad/cad-html-plugin": {
      "version": "1.5.8",
      "resolved": "https://registry.npmjs.org/@mlightcad/cad-html-plugin/-/cad-html-plugin-1.5.8.tgz",
      "integrity": "sha512-8acfiCRHr6biuOlL0anVxHfBCEB0WpQ3WORL0fLnp2Go9huDok36dsgTmpAXy9iXKBgNN6KCPYMMe4ayegfG7g==",
      "license": "MIT",
      "peerDependencies": {
        "@mlightcad/cad-simple-viewer": "1.5.8",
        "@mlightcad/data-model": "^1.11.1",
        "@mlightcad/three-renderer": "1.5.8",
        "three": "^0.172.0"
      }
    },
    "node_modules/@mlightcad/cad-simple-viewer": {
      "version": "1.5.8",
      "resolved": "https://registry.npmjs.org/@mlightcad/cad-simple-viewer/-/cad-simple-viewer-1.5.8.tgz",
      "integrity": "sha512-6wiZA/mY5NRbFkcbSunoe8uqbiGm5zrpgPy6Z3rLi5PonsGGt/zst5jaCw4PW0DVexpRI8Y9yfDyUsP8RDQFQg==",
      "license": "MIT",
      "peerDependencies": {
        "@mlightcad/data-model": "^1.11.1",
        "@mlightcad/dxf-json-converter": "^1.11.1",
        "lodash-es": "4.17.21",
        "three": "^0.172.0"
      }
    },
    "node_modules/@mlightcad/common": {
      "version": "1.12.0",
      "resolved": "https://registry.npmjs.org/@mlightcad/common/-/common-1.12.0.tgz",
      "integrity": "sha512-nQhgWoZQ9V14+gdD9/imgjbOhxAWNuexfZsa5Lcz0ZVGv1agthD3VWTDsDB5/j7N9t6saMrVZbX26PzOhpYQGw==",
      "license": "MIT",
      "dependencies": {
        "loglevel": "^1.9.1"
      }
    },
    "node_modules/@mlightcad/data-model": {
      "version": "1.12.0",
      "resolved": "https://registry.npmjs.org/@mlightcad/data-model/-/data-model-1.12.0.tgz",
      "integrity": "sha512-vwJ4jtVB1ugsPQGHklBFZyNtrdC05mS/8R0wPlHgUz3yqTeiFHK7xAR0giiXUqoyvxOpMNEznM1tdCKGPSFoJA==",
      "license": "MIT",
      "dependencies": {
        "@mlightcad/common": "1.12.0",
        "@mlightcad/geometry-engine": "3.12.0",
        "@mlightcad/graphic-interface": "3.12.0",
        "iconv-lite": "^0.7.0",
        "uid": "^2.0.2"
      }
    },
    "node_modules/@mlightcad/dxf-json": {
      "version": "1.2.8",
      "resolved": "https://registry.npmjs.org/@mlightcad/dxf-json/-/dxf-json-1.2.8.tgz",
      "integrity": "sha512-pn4kY2+cYLq9xVVeUJUwzBPyYGGIuO6uKc+bKAzWfSaZAWTgrbK7WrY+VHR4od9wrWdDwNWknIqVq4KBZPD7SA==",
      "license": "GPL-3.0",
      "workspaces": [
        "integration-test"
      ],
      "dependencies": {
        "@fxts/core": "^1.0.1"
      }
    },
    "node_modules/@mlightcad/dxf-json-converter": {
      "version": "1.12.0",
      "resolved": "https://registry.npmjs.org/@mlightcad/dxf-json-converter/-/dxf-json-converter-1.12.0.tgz",
      "integrity": "sha512-M6domJZaTIrHpzOSAcKd19+SMQm9v3jcRTBfPFcIZzpdPCjK4M3VOp5acgtOfLd+vVSyvD5c/PJoUNuxtLGJBA==",
      "license": "GPL-3.0",
      "dependencies": {
        "@mlightcad/dxf-json": "^1.2.8"
      },
      "peerDependencies": {
        "@mlightcad/data-model": "1.12.0"
      }
    },
    "node_modules/@mlightcad/geometry-engine": {
      "version": "3.12.0",
      "resolved": "https://registry.npmjs.org/@mlightcad/geometry-engine/-/geometry-engine-3.12.0.tgz",
      "integrity": "sha512-RoLpyCkfxwe5Vm2W+yASF3QpRadUW2LvFU3dwLeKLpzpfTGwAgsZIUk+zdsFqNYVDhUx+2gLRc8U9E+0pN6rmg==",
      "license": "MIT",
      "peerDependencies": {
        "@mlightcad/common": "1.12.0"
      }
    },
    "node_modules/@mlightcad/graphic-interface": {
      "version": "3.12.0",
      "resolved": "https://registry.npmjs.org/@mlightcad/graphic-interface/-/graphic-interface-3.12.0.tgz",
      "integrity": "sha512-VoRxsIv2v/8oZhraFmUJ8xCCpNGO+fa787Yc9FwcUMPKN1RgNu69GvFjc/0Aa+yVtwkshLY0ZNmFu1mLn7hnaA==",
      "license": "MIT",
      "peerDependencies": {
        "@mlightcad/common": "1.12.0",
        "@mlightcad/geometry-engine": "3.12.0"
      }
    },
    "node_modules/@mlightcad/libredwg-converter": {
      "version": "3.12.0",
      "resolved": "https://registry.npmjs.org/@mlightcad/libredwg-converter/-/libredwg-converter-3.12.0.tgz",
      "integrity": "sha512-+tprl1Y8YpuslfEnbEo8YSAGk0xCU5x/d1bPktbP/4q/QcVLwkjiWiUZxCpk9WR7dLbsM6RWF4CRuqcaUzIt/g==",
      "license": "GPL-3.0",
      "dependencies": {
        "@mlightcad/libredwg-web": "^0.7.9"
      },
      "peerDependencies": {
        "@mlightcad/data-model": "1.12.0"
      }
    },
    "node_modules/@mlightcad/libredwg-web": {
      "version": "0.7.9",
      "resolved": "https://registry.npmjs.org/@mlightcad/libredwg-web/-/libredwg-web-0.7.9.tgz",
      "integrity": "sha512-tqjx0eCiR0CNI3TyO3LVYzl4ptuzSFm7asGn/C1YiJaEk7Vneto+lRrVUco85qw+PZDihaFLwWqdYIEse1swbA==",
      "license": "GPL-3.0",
      "engines": {
        "node": ">=20"
      }
    },
    "node_modules/@mlightcad/mtext-parser": {
      "version": "1.5.0",
      "resolved": "https://registry.npmjs.org/@mlightcad/mtext-parser/-/mtext-parser-1.5.0.tgz",
      "integrity": "sha512-Yl/IQmSIGV1UUl/TyUptoOpNBunywcEE7yh4k9SFDXljHDTTI92VmqkVFxf4eYzhoWF4MNXIl4qgQV1P1Rbn6g==",
      "license": "MIT"
    },
    "node_modules/@mlightcad/mtext-renderer": {
      "version": "0.11.10",
      "resolved": "https://registry.npmjs.org/@mlightcad/mtext-renderer/-/mtext-renderer-0.11.10.tgz",
      "integrity": "sha512-TDKUFAi4iMTevQCLiyOQN1CW16jET4mQFbDQ/KiyUrqsKxkzqHl/EMlR9Ae6z5BchKs2FosnWxKljAK1fT6zQA==",
      "license": "MIT",
      "dependencies": {
        "@mlightcad/mtext-parser": "^1.5.0",
        "@mlightcad/shx-parser": "^1.4.5",
        "iconv-lite": "^0.7.0",
        "idb": "^8.0.3",
        "opentype.js": "^2.0.0"
      },
      "peerDependencies": {
        "three": "^0.172.0"
      }
    },
    "node_modules/@mlightcad/shx-parser": {
      "version": "1.4.5",
      "resolved": "https://registry.npmjs.org/@mlightcad/shx-parser/-/shx-parser-1.4.5.tgz",
      "integrity": "sha512-wFY0X7vnuq1IYdP6JRggb7LHcKho1P8zmcWGtXa6XYthwyKZCUoZCswTXr7J26pbzyhBB7KsiCcCL48iwIevdQ==",
      "license": "MIT"
    },
    "node_modules/@mlightcad/three-renderer": {
      "version": "1.5.8",
      "resolved": "https://registry.npmjs.org/@mlightcad/three-renderer/-/three-renderer-1.5.8.tgz",
      "integrity": "sha512-Q+uo5FM5cEfF7pLu3pcSz6IUMOxC97JQcBuGEf+paS9Z7unl9QS/EApJZ5SpDC68GX2zhrxjJYAbfVS74Ec8hw==",
      "license": "MIT",
      "peer": true,
      "peerDependencies": {
        "@mlightcad/data-model": "^1.11.1",
        "@mlightcad/mtext-renderer": "^0.11.10",
        "@velipso/polybool": "^1.1.1",
        "three": "^0.172.0"
      }
    },
    "node_modules/@velipso/polybool": {
      "version": "1.1.1",
      "resolved": "https://registry.npmjs.org/@velipso/polybool/-/polybool-1.1.1.tgz",
      "integrity": "sha512-HlWrm/wloLkUDHPQ1AgUdXysKL3y+rqV94udU5CVTtEPci5v6WjEfozNJTOOSwCsz50ySIxJK4gABqfbx1sD7A==",
      "license": "0BSD",
      "peer": true,
      "dependencies": {
        "tslib": "^2.6.2"
      }
    },
    "node_modules/commander": {
      "version": "12.1.0",
      "resolved": "https://registry.npmjs.org/commander/-/commander-12.1.0.tgz",
      "integrity": "sha512-Vw8qHK3bZM9y/P10u3Vib8o/DdkvA2OtPtZvD871QKjy74Wj1WSKFILMPRPSdUSx5RFK1arlJzEtA4PkFgnbuA==",
      "license": "MIT",
      "engines": {
        "node": ">=18"
      }
    },
    "node_modules/fsevents": {
      "version": "2.3.2",
      "resolved": "https://registry.npmjs.org/fsevents/-/fsevents-2.3.2.tgz",
      "integrity": "sha512-xiqMQR4xAeHTuB9uWm+fFRcIOgKBMiOBP+eXiyT7jsgVCq1bkVygt00oASowB7EdtpOHaaPgKt812P9ab+DDKA==",
      "hasInstallScript": true,
      "license": "MIT",
      "optional": true,
      "os": [
        "darwin"
      ],
      "engines": {
        "node": "^8.16.0 || ^10.6.0 || >=11.0.0"
      }
    },
    "node_modules/iconv-lite": {
      "version": "0.7.3",
      "resolved": "https://registry.npmjs.org/iconv-lite/-/iconv-lite-0.7.3.tgz",
      "integrity": "sha512-IKXpvIzjnC9XTAUbVBcMfGS0EPaIXtW6v+zr+RRp+hqULEpo0owZax6wyRwPOJbWbzjYspQwusTsfVr0ifh4uQ==",
      "license": "MIT",
      "dependencies": {
        "safer-buffer": ">= 2.1.2 < 3.0.0"
      },
      "engines": {
        "node": ">=0.10.0"
      },
      "funding": {
        "type": "opencollective",
        "url": "https://opencollective.com/express"
      }
    },
    "node_modules/idb": {
      "version": "8.0.3",
      "resolved": "https://registry.npmjs.org/idb/-/idb-8.0.3.tgz",
      "integrity": "sha512-LtwtVyVYO5BqRvcsKuB2iUMnHwPVByPCXFXOpuU96IZPPoPN6xjOGxZQ74pgSVVLQWtUOYgyeL4GE98BY5D3wg==",
      "license": "ISC"
    },
    "node_modules/lodash-es": {
      "version": "4.17.21",
      "resolved": "https://registry.npmjs.org/lodash-es/-/lodash-es-4.17.21.tgz",
      "integrity": "sha512-mKnC+QJ9pWVzv+C4/U3rRsHapFfHvQFoFB92e52xeyGMcX6/OlIl78je1u8vePzYZSkkogMPJ2yjxxsb89cxyw==",
      "license": "MIT",
      "peer": true
    },
    "node_modules/loglevel": {
      "version": "1.9.2",
      "resolved": "https://registry.npmjs.org/loglevel/-/loglevel-1.9.2.tgz",
      "integrity": "sha512-HgMmCqIJSAKqo68l0rS2AanEWfkxaZ5wNiEFb5ggm08lDs9Xl2KxBlX3PTcaD2chBM1gXAYf491/M2Rv8Jwayg==",
      "license": "MIT",
      "engines": {
        "node": ">= 0.6.0"
      },
      "funding": {
        "type": "tidelift",
        "url": "https://tidelift.com/funding/github/npm/loglevel"
      }
    },
    "node_modules/opentype.js": {
      "version": "2.0.0",
      "resolved": "https://registry.npmjs.org/opentype.js/-/opentype.js-2.0.0.tgz",
      "integrity": "sha512-kCyjv6xdDY1W/jLWZ/L3QhhTlKUqDZMQ5+Jdlw12b3dXkKNpYBqqlMMj0YDQPShWFTMwgZI1hG14kN3XUDSg/A==",
      "license": "MIT",
      "bin": {
        "ot": "bin/ot"
      }
    },
    "node_modules/playwright": {
      "version": "1.62.0",
      "resolved": "https://registry.npmjs.org/playwright/-/playwright-1.62.0.tgz",
      "integrity": "sha512-Z14dG305dgaLu6foB1TXQagFiW8JfSUIUaUuPaKQ6NtBPKF1P/qXcqfh6c6K/icPqdy37JmjbiBXf6JNg6Sylw==",
      "license": "Apache-2.0",
      "dependencies": {
        "playwright-core": "1.62.0"
      },
      "bin": {
        "playwright": "cli.js"
      },
      "engines": {
        "node": ">=20"
      },
      "optionalDependencies": {
        "fsevents": "2.3.2"
      }
    },
    "node_modules/playwright-core": {
      "version": "1.62.0",
      "resolved": "https://registry.npmjs.org/playwright-core/-/playwright-core-1.62.0.tgz",
      "integrity": "sha512-nsNRyq0r2zsG8AcRHWknc9QRA5XCueC7gWMrs+Gx2tlZn9hcl8zudfh00lhJPY1DE7NmZ6bDsT9g2yey8mXljA==",
      "license": "Apache-2.0",
      "bin": {
        "playwright-core": "cli.js"
      },
      "engines": {
        "node": ">=20"
      }
    },
    "node_modules/safer-buffer": {
      "version": "2.1.2",
      "resolved": "https://registry.npmjs.org/safer-buffer/-/safer-buffer-2.1.2.tgz",
      "integrity": "sha512-YZo3K82SD7Riyi0E1EQPojLz7kpepnSQI9IyPbHHg1XXXevb5dJI7tpyN2ADxGcQbHG7vcyRHk0cbwqcQriUtg==",
      "license": "MIT"
    },
    "node_modules/three": {
      "version": "0.172.0",
      "resolved": "https://registry.npmjs.org/three/-/three-0.172.0.tgz",
      "integrity": "sha512-6HMgMlzU97MsV7D/tY8Va38b83kz8YJX+BefKjspMNAv0Vx6dxMogHOrnRl/sbMIs3BPUKijPqDqJ/+UwJbIow==",
      "license": "MIT",
      "peer": true
    },
    "node_modules/tslib": {
      "version": "2.8.1",
      "resolved": "https://registry.npmjs.org/tslib/-/tslib-2.8.1.tgz",
      "integrity": "sha512-oJFu94HQb+KVduSUQL7wnpmqnfmLsOA/nAh6b6EH0wCEoK0/mPeXU6c3wKDV83MkOuHPRHtSXKKU99IBazS/2w==",
      "license": "0BSD"
    },
    "node_modules/uid": {
      "version": "2.0.2",
      "resolved": "https://registry.npmjs.org/uid/-/uid-2.0.2.tgz",
      "integrity": "sha512-u3xV3X7uzvi5b1MncmZo3i2Aw222Zk1keqLA1YkHldREkAhAqi65wuPfe7lHx8H/Wzy+8CE7S7uS3jekIM5s8g==",
      "license": "MIT",
      "dependencies": {
        "@lukeed/csprng": "^1.0.0"
      },
      "engines": {
        "node": ">=8"
      }
    }
  }
}
